
Microsoft Visual Studio Solution File, Format Version 12.00
# Visual Studio 14
VisualStudioVersion = 14.0.25420.1
MinimumVisualStudioVersion = 10.0.40219.1
Project("{2150E333-8FDC-42A3-9474-1A3956D46DE8}") = "Solution Items", "Solution Items", "{E2E3358F-ABAE-4C31-962D-E476A8F6DBF1}"
	ProjectSection(SolutionItems) = preProject
		.gitignore = .gitignore
		global.json = global.json
		LICENSE = LICENSE
	EndProjectSection
EndProject
Project("{2150E333-8FDC-42A3-9474-1A3956D46DE8}") = "src", "src", "{FF802EBD-2920-4F41-8EBD-875A04234BF7}"
EndProject
Project("{2150E333-8FDC-42A3-9474-1A3956D46DE8}") = "tests", "tests", "{65DA423B-6641-40BE-9895-8970DDC71B85}"
EndProject
Project("{2150E333-8FDC-42A3-9474-1A3956D46DE8}") = "samples", "samples", "{C52E1ABD-FBC0-4D6C-838A-62ED7B5DFCFF}"
EndProject
Project("{8BB2217D-0F2D-49D1-97BC-3654ED321F3B}") = "sxc", "src\sxc\sxc.xproj", "{6081A246-3AFF-45A2-B480-FFC27B3C08FC}"
EndProject
Project("{8BB2217D-0F2D-49D1-97BC-3654ED321F3B}") = "sx.compiler.lexer", "src\sx.compiler.lexer\sx.compiler.lexer.xproj", "{E8D969B2-CC77-4856-A8DC-12717B03E8B6}"
EndProject
Project("{8BB2217D-0F2D-49D1-97BC-3654ED321F3B}") = "sx.compiler.lexer.abstractions", "src\sx.compiler.lexer.abstractions\sx.compiler.lexer.abstractions.xproj", "{1DD1D1BC-586D-4220-BF8E-93F4F724008A}"
EndProject
Project("{8BB2217D-0F2D-49D1-97BC-3654ED321F3B}") = "sx.compiler.samples.lexer", "samples\sx.compiler.samples.lexer\sx.compiler.samples.lexer.xproj", "{4C5A544C-7E93-4B10-8AAC-14B8EE200086}"
EndProject
Project("{8BB2217D-0F2D-49D1-97BC-3654ED321F3B}") = "sx.compiler.lexer.tests", "tests\sx.compiler.lexer.tests\sx.compiler.lexer.tests.xproj", "{D222BFBC-7A7B-438D-AFD2-F2F2272C1A1F}"
EndProject
Project("{8BB2217D-0F2D-49D1-97BC-3654ED321F3B}") = "sx.compiler.abstractions", "src\sx.compiler.abstractions\sx.compiler.abstractions.xproj", "{DBBD11BD-B8A8-4E75-99D6-3DF362473367}"
EndProject
Project("{8BB2217D-0F2D-49D1-97BC-3654ED321F3B}") = "sx.compiler.parser", "src\sx.compiler.parser\sx.compiler.parser.xproj", "{E28322FC-6270-4626-8D1D-E9BD5765DE9B}"
EndProject
Project("{8BB2217D-0F2D-49D1-97BC-3654ED321F3B}") = "sx.compiler.samples.parser", "samples\sx.compiler.samples.parser\sx.compiler.samples.parser.xproj", "{E1992107-9EDB-4D36-9839-F44954532674}"
EndProject
Global
	GlobalSection(SolutionConfigurationPlatforms) = preSolution
		Debug|Any CPU = Debug|Any CPU
		Release|Any CPU = Release|Any CPU
	EndGlobalSection
	GlobalSection(ProjectConfigurationPlatforms) = postSolution
		{6081A246-3AFF-45A2-B480-FFC27B3C08FC}.Debug|Any CPU.ActiveCfg = Debug|Any CPU
		{6081A246-3AFF-45A2-B480-FFC27B3C08FC}.Debug|Any CPU.Build.0 = Debug|Any CPU
		{6081A246-3AFF-45A2-B480-FFC27B3C08FC}.Release|Any CPU.ActiveCfg = Release|Any CPU
		{6081A246-3AFF-45A2-B480-FFC27B3C08FC}.Release|Any CPU.Build.0 = Release|Any CPU
		{E8D969B2-CC77-4856-A8DC-12717B03E8B6}.Debug|Any CPU.ActiveCfg = Debug|Any CPU
		{E8D969B2-CC77-4856-A8DC-12717B03E8B6}.Debug|Any CPU.Build.0 = Debug|Any CPU
		{E8D969B2-CC77-4856-A8DC-12717B03E8B6}.Release|Any CPU.ActiveCfg = Release|Any CPU
		{E8D969B2-CC77-4856-A8DC-12717B03E8B6}.Release|Any CPU.Build.0 = Release|Any CPU
		{1DD1D1BC-586D-4220-BF8E-93F4F724008A}.Debug|Any CPU.ActiveCfg = Debug|Any CPU
		{1DD1D1BC-586D-4220-BF8E-93F4F724008A}.Debug|Any CPU.Build.0 = Debug|Any CPU
		{1DD1D1BC-586D-4220-BF8E-93F4F724008A}.Release|Any CPU.ActiveCfg = Release|Any CPU
		{1DD1D1BC-586D-4220-BF8E-93F4F724008A}.Release|Any CPU.Build.0 = Release|Any CPU
		{4C5A544C-7E93-4B10-8AAC-14B8EE200086}.Debug|Any CPU.ActiveCfg = Debug|Any CPU
		{4C5A544C-7E93-4B10-8AAC-14B8EE200086}.Debug|Any CPU.Build.0 = Debug|Any CPU
		{4C5A544C-7E93-4B10-8AAC-14B8EE200086}.Release|Any CPU.ActiveCfg = Release|Any CPU
		{4C5A544C-7E93-4B10-8AAC-14B8EE200086}.Release|Any CPU.Build.0 = Release|Any CPU
		{D222BFBC-7A7B-438D-AFD2-F2F2272C1A1F}.Debug|Any CPU.ActiveCfg = Debug|Any CPU
		{D222BFBC-7A7B-438D-AFD2-F2F2272C1A1F}.Debug|Any CPU.Build.0 = Debug|Any CPU
		{D222BFBC-7A7B-438D-AFD2-F2F2272C1A1F}.Release|Any CPU.ActiveCfg = Release|Any CPU
		{D222BFBC-7A7B-438D-AFD2-F2F2272C1A1F}.Release|Any CPU.Build.0 = Release|Any CPU
		{DBBD11BD-B8A8-4E75-99D6-3DF362473367}.Debug|Any CPU.ActiveCfg = Debug|Any CPU
		{DBBD11BD-B8A8-4E75-99D6-3DF362473367}.Debug|Any CPU.Build.0 = Debug|Any CPU
		{DBBD11BD-B8A8-4E75-99D6-3DF362473367}.Release|Any CPU.ActiveCfg = Release|Any CPU
		{DBBD11BD-B8A8-4E75-99D6-3DF362473367}.Release|Any CPU.Build.0 = Release|Any CPU
		{E28322FC-6270-4626-8D1D-E9BD5765DE9B}.Debug|Any CPU.ActiveCfg = Debug|Any CPU
		{E28322FC-6270-4626-8D1D-E9BD5765DE9B}.Debug|Any CPU.Build.0 = Debug|Any CPU
		{E28322FC-6270-4626-8D1D-E9BD5765DE9B}.Release|Any CPU.ActiveCfg = Release|Any CPU
		{E28322FC-6270-4626-8D1D-E9BD5765DE9B}.Release|Any CPU.Build.0 = Release|Any CPU
		{E1992107-9EDB-4D36-9839-F44954532674}.Debug|Any CPU.ActiveCfg = Debug|Any CPU
		{E1992107-9EDB-4D36-9839-F44954532674}.Debug|Any CPU.Build.0 = Debug|Any CPU
		{E1992107-9EDB-4D36-9839-F44954532674}.Release|Any CPU.ActiveCfg = Release|Any CPU
		{E1992107-9EDB-4D36-9839-F44954532674}.Release|Any CPU.Build.0 = Release|Any CPU
	EndGlobalSection
	GlobalSection(SolutionProperties) = preSolution
		HideSolutionNode = FALSE
	EndGlobalSection
	GlobalSection(NestedProjects) = preSolution
		{6081A246-3AFF-45A2-B480-FFC27B3C08FC} = {FF802EBD-2920-4F41-8EBD-875A04234BF7}
		{E8D969B2-CC77-4856-A8DC-12717B03E8B6} = {FF802EBD-2920-4F41-8EBD-875A04234BF7}
		{1DD1D1BC-586D-4220-BF8E-93F4F724008A} = {FF802EBD-2920-4F41-8EBD-875A04234BF7}
		{4C5A544C-7E93-4B10-8AAC-14B8EE200086} = {C52E1ABD-FBC0-4D6C-838A-62ED7B5DFCFF}
		{D222BFBC-7A7B-438D-AFD2-F2F2272C1A1F} = {65DA423B-6641-40BE-9895-8970DDC71B85}
		{DBBD11BD-B8A8-4E75-99D6-3DF362473367} = {FF802EBD-2920-4F41-8EBD-875A04234BF7}
		{E28322FC-6270-4626-8D1D-E9BD5765DE9B} = {FF802EBD-2920-4F41-8EBD-875A04234BF7}
		{E1992107-9EDB-4D36-9839-F44954532674} = {C52E1ABD-FBC0-4D6C-838A-62ED7B5DFCFF}
	EndGlobalSection
EndGlobal
